
Microsoft Visual Studio Solution File, Format Version 12.00
# Visual Studio Version 16
VisualStudioVersion = 25.0.1703.6
MinimumVisualStudioVersion = 10.0.40219.1
Project("{FAE04EC0-301F-11D3-BF4B-00C04F79EFBC}") = "JwtApp", "JwtApp\JwtApp.csproj", "{C8E861F0-ED29-4890-89FA-76881919F3B4}"
EndProject
Global
	GlobalSection(SolutionConfigurationPlatforms) = preSolution
		Debug|Any CPU = Debug|Any CPU
		Release|Any CPU = Release|Any CPU
	EndGlobalSection
	GlobalSection(ProjectConfigurationPlatforms) = postSolution
		{C8E861F0-ED29-4890-89FA-76881919F3B4}.Debug|Any CPU.ActiveCfg = Debug|Any CPU
		{C8E861F0-ED29-4890-89FA-76881919F3B4}.Debug|Any CPU.Build.0 = Debug|Any CPU
		{C8E861F0-ED29-4890-89FA-76881919F3B4}.Release|Any CPU.ActiveCfg = Release|Any CPU
		{C8E861F0-ED29-4890-89FA-76881919F3B4}.Release|Any CPU.Build.0 = Release|Any CPU
	EndGlobalSection
	GlobalSection(SolutionProperties) = preSolution
		HideSolutionNode = FALSE
	EndGlobalSection
	GlobalSection(ExtensibilityGlobals) = postSolution
		SolutionGuid = {6407153C-372D-4218-AA36-614DCB08C476}
	EndGlobalSection
EndGlobal
